
Microsoft Visual Studio Solution File, Format Version 12.00
# Visual Studio 15
VisualStudioVersion = 15.0.27703.2042
MinimumVisualStudioVersion = 10.0.40219.1
Project("{FAE04EC0-301F-11D3-BF4B-00C04F79EFBC}") = "Pandora", "Pandora\Pandora.csproj", "{01EFD992-C468-492D-A0B2-8EB2B0567296}"
EndProject
Global
	GlobalSection(SolutionConfigurationPlatforms) = preSolution
		Debug|Any CPU = Debug|Any CPU
		Release|Any CPU = Release|Any CPU
	EndGlobalSection
	GlobalSection(ProjectConfigurationPlatforms) = postSolution
		{01EFD992-C468-492D-A0B2-8EB2B0567296}.Debug|Any CPU.ActiveCfg = Debug|Any CPU
		{01EFD992-C468-492D-A0B2-8EB2B0567296}.Debug|Any CPU.Build.0 = Debug|Any CPU
		{01EFD992-C468-492D-A0B2-8EB2B0567296}.Release|Any CPU.ActiveCfg = Release|Any CPU
		{01EFD992-C468-492D-A0B2-8EB2B0567296}.Release|Any CPU.Build.0 = Release|Any CPU
	EndGlobalSection
	GlobalSection(SolutionProperties) = preSolution
		HideSolutionNode = FALSE
	EndGlobalSection
	GlobalSection(ExtensibilityGlobals) = postSolution
		SolutionGuid = {B89A60A5-241C-4AEA-B68B-E9115DC3AF19}
	EndGlobalSection
EndGlobal
